PODS:
  - Alamofire (4.7.0)
  - Hero (1.1.0)
  - pop (1.0.10)
  - SwiftyJSON (4.0.0)

DEPENDENCIES:
  - Alamofire
  - Hero
  - pop (= 1.0.10)
  - SwiftyJSON

SPEC CHECKSUMS:
  Alamofire: 907e0a98eb68cdb7f9d1f541a563d6ac5dc77b25
  Hero: ce59e81c79390613d97b43da7179e2c5e1017e04
  pop: 82ca6b068ce9278fd350fd9dd09482a0ce9492e6
  SwiftyJSON: 070dabdcb1beb81b247c65ffa3a79dbbfb3b48aa

PODFILE CHECKSUM: 2410a3211bb34901bcb6fa670a8e18799886b60b

COCOAPODS: 1.4.0
